
Microsoft Visual Studio Solution File, Format Version 12.00
# Visual Studio Version 17
VisualStudioVersion = 17.1.32414.318
MinimumVisualStudioVersion = 10.0.40219.1
Project("{9A19103F-16F7-4668-BE54-9A1E7A4F7556}") = "MyLib", "MyLib\MyLib.csproj", "{23C386E1-F123-495E-A224-F3D6D65AC9DE}"
EndProject
Project("{9A19103F-16F7-4668-BE54-9A1E7A4F7556}") = "MyLibMS.Test", "MyLibMS.Test\MyLibMS.Test.csproj", "{C080A243-2AED-4E48-BA24-596C7934D37D}"
EndProject
Project("{9A19103F-16F7-4668-BE54-9A1E7A4F7556}") = "MyLibNUnit.Test", "MyLibNUnit.Test\MyLibNUnit.Test.csproj", "{41DA045E-0716-4061-B309-F3A59918E318}"
EndProject
Project("{FAE04EC0-301F-11D3-BF4B-00C04F79EFBC}") = "MyLibXUnit", "MyLibXUnit\MyLibXUnit.csproj", "{666FD694-FF15-4747-8AA0-3C85694429DF}"
EndProject
Project("{2150E333-8FDC-42A3-9474-1A3956D46DE8}") = "EducationSolution", "EducationSolution", "{9ED7844E-22A8-4EA3-9630-B9ED973F01E4}"
EndProject
Project("{FAE04EC0-301F-11D3-BF4B-00C04F79EFBC}") = "Education.Domain", "Education.Domain\Education.Domain.csproj", "{F3A80E4E-5461-46CF-A812-C96BBA312D59}"
EndProject
Project("{2150E333-8FDC-42A3-9474-1A3956D46DE8}") = "MyTestLib", "MyTestLib", "{31155D79-7773-4875-A393-40613F2241BA}"
EndProject
Project("{FAE04EC0-301F-11D3-BF4B-00C04F79EFBC}") = "Education.Application", "Education.Application\Education.Application.csproj", "{27C6E1ED-49EB-43AA-BDB4-DA5450C0CF29}"
EndProject
Project("{FAE04EC0-301F-11D3-BF4B-00C04F79EFBC}") = "Education.Persistence", "Education.Persistence\Education.Persistence.csproj", "{B25AD520-DB35-41F6-9E91-1433421BCA10}"
EndProject
Project("{FAE04EC0-301F-11D3-BF4B-00C04F79EFBC}") = "Education.Api", "Education.Api\Education.Api.csproj", "{93B2ACF7-A910-48EA-8CFF-A8FEA9F09548}"
EndProject
Global
	GlobalSection(SolutionConfigurationPlatforms) = preSolution
		Debug|Any CPU = Debug|Any CPU
		Release|Any CPU = Release|Any CPU
	EndGlobalSection
	GlobalSection(ProjectConfigurationPlatforms) = postSolution
		{23C386E1-F123-495E-A224-F3D6D65AC9DE}.Debug|Any CPU.ActiveCfg = Debug|Any CPU
		{23C386E1-F123-495E-A224-F3D6D65AC9DE}.Debug|Any CPU.Build.0 = Debug|Any CPU
		{23C386E1-F123-495E-A224-F3D6D65AC9DE}.Release|Any CPU.ActiveCfg = Release|Any CPU
		{23C386E1-F123-495E-A224-F3D6D65AC9DE}.Release|Any CPU.Build.0 = Release|Any CPU
		{C080A243-2AED-4E48-BA24-596C7934D37D}.Debug|Any CPU.ActiveCfg = Debug|Any CPU
		{C080A243-2AED-4E48-BA24-596C7934D37D}.Debug|Any CPU.Build.0 = Debug|Any CPU
		{C080A243-2AED-4E48-BA24-596C7934D37D}.Release|Any CPU.ActiveCfg = Release|Any CPU
		{C080A243-2AED-4E48-BA24-596C7934D37D}.Release|Any CPU.Build.0 = Release|Any CPU
		{41DA045E-0716-4061-B309-F3A59918E318}.Debug|Any CPU.ActiveCfg = Debug|Any CPU
		{41DA045E-0716-4061-B309-F3A59918E318}.Debug|Any CPU.Build.0 = Debug|Any CPU
		{41DA045E-0716-4061-B309-F3A59918E318}.Release|Any CPU.ActiveCfg = Release|Any CPU
		{41DA045E-0716-4061-B309-F3A59918E318}.Release|Any CPU.Build.0 = Release|Any CPU
		{666FD694-FF15-4747-8AA0-3C85694429DF}.Debug|Any CPU.ActiveCfg = Debug|Any CPU
		{666FD694-FF15-4747-8AA0-3C85694429DF}.Debug|Any CPU.Build.0 = Debug|Any CPU
		{666FD694-FF15-4747-8AA0-3C85694429DF}.Release|Any CPU.ActiveCfg = Release|Any CPU
		{666FD694-FF15-4747-8AA0-3C85694429DF}.Release|Any CPU.Build.0 = Release|Any CPU
		{F3A80E4E-5461-46CF-A812-C96BBA312D59}.Debug|Any CPU.ActiveCfg = Debug|Any CPU
		{F3A80E4E-5461-46CF-A812-C96BBA312D59}.Debug|Any CPU.Build.0 = Debug|Any CPU
		{F3A80E4E-5461-46CF-A812-C96BBA312D59}.Release|Any CPU.ActiveCfg = Release|Any CPU
		{F3A80E4E-5461-46CF-A812-C96BBA312D59}.Release|Any CPU.Build.0 = Release|Any CPU
		{27C6E1ED-49EB-43AA-BDB4-DA5450C0CF29}.Debug|Any CPU.ActiveCfg = Debug|Any CPU
		{27C6E1ED-49EB-43AA-BDB4-DA5450C0CF29}.Debug|Any CPU.Build.0 = Debug|Any CPU
		{27C6E1ED-49EB-43AA-BDB4-DA5450C0CF29}.Release|Any CPU.ActiveCfg = Release|Any CPU
		{27C6E1ED-49EB-43AA-BDB4-DA5450C0CF29}.Release|Any CPU.Build.0 = Release|Any CPU
		{B25AD520-DB35-41F6-9E91-1433421BCA10}.Debug|Any CPU.ActiveCfg = Debug|Any CPU
		{B25AD520-DB35-41F6-9E91-1433421BCA10}.Debug|Any CPU.Build.0 = Debug|Any CPU
		{B25AD520-DB35-41F6-9E91-1433421BCA10}.Release|Any CPU.ActiveCfg = Release|Any CPU
		{B25AD520-DB35-41F6-9E91-1433421BCA10}.Release|Any CPU.Build.0 = Release|Any CPU
		{93B2ACF7-A910-48EA-8CFF-A8FEA9F09548}.Debug|Any CPU.ActiveCfg = Debug|Any CPU
		{93B2ACF7-A910-48EA-8CFF-A8FEA9F09548}.Debug|Any CPU.Build.0 = Debug|Any CPU
		{93B2ACF7-A910-48EA-8CFF-A8FEA9F09548}.Release|Any CPU.ActiveCfg = Release|Any CPU
		{93B2ACF7-A910-48EA-8CFF-A8FEA9F09548}.Release|Any CPU.Build.0 = Release|Any CPU
	EndGlobalSection
	GlobalSection(SolutionProperties) = preSolution
		HideSolutionNode = FALSE
	EndGlobalSection
	GlobalSection(NestedProjects) = preSolution
		{23C386E1-F123-495E-A224-F3D6D65AC9DE} = {31155D79-7773-4875-A393-40613F2241BA}
		{C080A243-2AED-4E48-BA24-596C7934D37D} = {31155D79-7773-4875-A393-40613F2241BA}
		{41DA045E-0716-4061-B309-F3A59918E318} = {31155D79-7773-4875-A393-40613F2241BA}
		{666FD694-FF15-4747-8AA0-3C85694429DF} = {31155D79-7773-4875-A393-40613F2241BA}
		{F3A80E4E-5461-46CF-A812-C96BBA312D59} = {9ED7844E-22A8-4EA3-9630-B9ED973F01E4}
		{27C6E1ED-49EB-43AA-BDB4-DA5450C0CF29} = {9ED7844E-22A8-4EA3-9630-B9ED973F01E4}
		{B25AD520-DB35-41F6-9E91-1433421BCA10} = {9ED7844E-22A8-4EA3-9630-B9ED973F01E4}
		{93B2ACF7-A910-48EA-8CFF-A8FEA9F09548} = {9ED7844E-22A8-4EA3-9630-B9ED973F01E4}
	EndGlobalSection
	GlobalSection(ExtensibilityGlobals) = postSolution
		SolutionGuid = {680D1A8F-FE3B-4670-A6E2-FA319F935711}
	EndGlobalSection
EndGlobal
